// !$*UTF8*$!
{
	archiveVersion = 1;
	classes = {
	};
	objectVersion = 50;
	objects = {

/* Begin PBXBuildFile section */
		6703BBF62581551E00440132 /* HomeTabBarVC.swift in Sources */ = {isa = PBXBuildFile; fileRef = 6703BBF52581551E00440132 /* HomeTabBarVC.swift */; };
		6703BBFD2581568A00440132 /* FriendsTableVC.swift in Sources */ = {isa = PBXBuildFile; fileRef = 6703BBFC2581568A00440132 /* FriendsTableVC.swift */; };
		6703BC01258156B000440132 /* UserPhotosCollectionVC.swift in Sources */ = {isa = PBXBuildFile; fileRef = 6703BC00258156B000440132 /* UserPhotosCollectionVC.swift */; };
		6703BC04258156EC00440132 /* GroupsTableVC.swift in Sources */ = {isa = PBXBuildFile; fileRef = 6703BC03258156EC00440132 /* GroupsTableVC.swift */; };
		6703BC082581572600440132 /* UserGroupsTableVC.swift in Sources */ = {isa = PBXBuildFile; fileRef = 6703BC072581572600440132 /* UserGroupsTableVC.swift */; };
		6703BC0E258161A000440132 /* UserModel.swift in Sources */ = {isa = PBXBuildFile; fileRef = 6703BC0D258161A000440132 /* UserModel.swift */; };
		675279BC25795904003BF304 /* UIButtonExtensions.swift in Sources */ = {isa = PBXBuildFile; fileRef = 675279BB25795904003BF304 /* UIButtonExtensions.swift */; };
		675DD1902581703E006C554F /* GroupModel.swift in Sources */ = {isa = PBXBuildFile; fileRef = 675DD18F2581703E006C554F /* GroupModel.swift */; };
		675DD196258172C7006C554F /* GroupTableViewCell.swift in Sources */ = {isa = PBXBuildFile; fileRef = 675DD195258172C7006C554F /* GroupTableViewCell.swift */; };
		675DD1992581740F006C554F /* GroupFactory.swift in Sources */ = {isa = PBXBuildFile; fileRef = 675DD1982581740F006C554F /* GroupFactory.swift */; };
		67AC96CE2578110D002F5F8C /* AppDelegate.swift in Sources */ = {isa = PBXBuildFile; fileRef = 67AC96CD2578110D002F5F8C /* AppDelegate.swift */; };
		67AC96D02578110D002F5F8C /* SceneDelegate.swift in Sources */ = {isa = PBXBuildFile; fileRef = 67AC96CF2578110D002F5F8C /* SceneDelegate.swift */; };
		67AC96D72578110F002F5F8C /* Assets.xcassets in Resources */ = {isa = PBXBuildFile; fileRef = 67AC96D62578110F002F5F8C /* Assets.xcassets */; };
		67AC96DA2578110F002F5F8C /* LaunchScreen.storyboard in Resources */ = {isa = PBXBuildFile; fileRef = 67AC96D82578110F002F5F8C /* LaunchScreen.storyboard */; };
		67AC96E825781360002F5F8C /* LoginVC.swift in Sources */ = {isa = PBXBuildFile; fileRef = 67AC96E725781360002F5F8C /* LoginVC.swift */; };
		67E820082587F3F00067299C /* UserTableViewCell.swift in Sources */ = {isa = PBXBuildFile; fileRef = 67E820072587F3F00067299C /* UserTableViewCell.swift */; };
		67E8200B2587F4B70067299C /* UserPhotoCollectionViewCell.swift in Sources */ = {isa = PBXBuildFile; fileRef = 67E8200A2587F4B70067299C /* UserPhotoCollectionViewCell.swift */; };
		67E8200E2587F4D50067299C /* Reusable.swift in Sources */ = {isa = PBXBuildFile; fileRef = 67E8200D2587F4D50067299C /* Reusable.swift */; };
		67E820122587F5D60067299C /* UIViewExtensions.swift in Sources */ = {isa = PBXBuildFile; fileRef = 67E820112587F5D60067299C /* UIViewExtensions.swift */; };
		67F92EFC257D9AD200CF87DD /* Colors.swift in Sources */ = {isa = PBXBuildFile; fileRef = 67F92EFB257D9AD200CF87DD /* Colors.swift */; };
		67F92F01257DA86A00CF87DD /* StringExtensions.swift in Sources */ = {isa = PBXBuildFile; fileRef = 67F92F00257DA86A00CF87DD /* StringExtensions.swift */; };
/* End PBXBuildFile section */

/* Begin PBXFileReference section */
		6703BBF52581551E00440132 /* HomeTabBarVC.swift */ = {isa = PBXFileReference; lastKnownFileType = sourcecode.swift; path = HomeTabBarVC.swift; sourceTree = "<group>"; };
		6703BBFC2581568A00440132 /* FriendsTableVC.swift */ = {isa = PBXFileReference; lastKnownFileType = sourcecode.swift; path = FriendsTableVC.swift; sourceTree = "<group>"; };
		6703BC00258156B000440132 /* UserPhotosCollectionVC.swift */ = {isa = PBXFileReference; lastKnownFileType = sourcecode.swift; path = UserPhotosCollectionVC.swift; sourceTree = "<group>"; };
		6703BC03258156EC00440132 /* GroupsTableVC.swift */ = {isa = PBXFileReference; lastKnownFileType = sourcecode.swift; path = GroupsTableVC.swift; sourceTree = "<group>"; };
		6703BC072581572600440132 /* UserGroupsTableVC.swift */ = {isa = PBXFileReference; lastKnownFileType = sourcecode.swift; path = UserGroupsTableVC.swift; sourceTree = "<group>"; };
		6703BC0D258161A000440132 /* UserModel.swift */ = {isa = PBXFileReference; lastKnownFileType = sourcecode.swift; path = UserModel.swift; sourceTree = "<group>"; };
		675279BB25795904003BF304 /* UIButtonExtensions.swift */ = {isa = PBXFileReference; lastKnownFileType = sourcecode.swift; path = UIButtonExtensions.swift; sourceTree = "<group>"; };
		675DD18F2581703E006C554F /* GroupModel.swift */ = {isa = PBXFileReference; lastKnownFileType = sourcecode.swift; path = GroupModel.swift; sourceTree = "<group>"; };
		675DD195258172C7006C554F /* GroupTableViewCell.swift */ = {isa = PBXFileReference; lastKnownFileType = sourcecode.swift; path = GroupTableViewCell.swift; sourceTree = "<group>"; };
		675DD1982581740F006C554F /* GroupFactory.swift */ = {isa = PBXFileReference; lastKnownFileType = sourcecode.swift; path = GroupFactory.swift; sourceTree = "<group>"; };
		67AC96CA2578110D002F5F8C /* GeekbrainsVK.app */ = {isa = PBXFileReference; explicitFileType = wrapper.application; includeInIndex = 0; path = GeekbrainsVK.app; sourceTree = BUILT_PRODUCTS_DIR; };
		67AC96CD2578110D002F5F8C /* AppDelegate.swift */ = {isa = PBXFileReference; lastKnownFileType = sourcecode.swift; path = AppDelegate.swift; sourceTree = "<group>"; };
		67AC96CF2578110D002F5F8C /* SceneDelegate.swift */ = {isa = PBXFileReference; lastKnownFileType = sourcecode.swift; path = SceneDelegate.swift; sourceTree = "<group>"; };
		67AC96D62578110F002F5F8C /* Assets.xcassets */ = {isa = PBXFileReference; lastKnownFileType = folder.assetcatalog; path = Assets.xcassets; sourceTree = "<group>"; };
		67AC96D92578110F002F5F8C /* Base */ = {isa = PBXFileReference; lastKnownFileType = file.storyboard; name = Base; path = Base.lproj/LaunchScreen.storyboard; sourceTree = "<group>"; };
		67AC96DB2578110F002F5F8C /* Info.plist */ = {isa = PBXFileReference; lastKnownFileType = text.plist.xml; path = Info.plist; sourceTree = "<group>"; };
		67AC96E725781360002F5F8C /* LoginVC.swift */ = {isa = PBXFileReference; lastKnownFileType = sourcecode.swift; path = LoginVC.swift; sourceTree = "<group>"; };
		67E820072587F3F00067299C /* UserTableViewCell.swift */ = {isa = PBXFileReference; lastKnownFileType = sourcecode.swift; path = UserTableViewCell.swift; sourceTree = "<group>"; };
		67E8200A2587F4B70067299C /* UserPhotoCollectionViewCell.swift */ = {isa = PBXFileReference; lastKnownFileType = sourcecode.swift; path = UserPhotoCollectionViewCell.swift; sourceTree = "<group>"; };
		67E8200D2587F4D50067299C /* Reusable.swift */ = {isa = PBXFileReference; lastKnownFileType = sourcecode.swift; path = Reusable.swift; sourceTree = "<group>"; };
		67E820112587F5D60067299C /* UIViewExtensions.swift */ = {isa = PBXFileReference; lastKnownFileType = sourcecode.swift; path = UIViewExtensions.swift; sourceTree = "<group>"; };
		67F92EFB257D9AD200CF87DD /* Colors.swift */ = {isa = PBXFileReference; lastKnownFileType = sourcecode.swift; path = Colors.swift; sourceTree = "<group>"; };
		67F92F00257DA86A00CF87DD /* StringExtensions.swift */ = {isa = PBXFileReference; lastKnownFileType = sourcecode.swift; path = StringExtensions.swift; sourceTree = "<group>"; };
/* End PBXFileReference section */

/* Begin PBXFrameworksBuildPhase section */
		67AC96C72578110D002F5F8C /* Frameworks */ = {
			isa = PBXFrameworksBuildPhase;
			buildActionMask = 2147483647;
			files = (
			);
			runOnlyForDeploymentPostprocessing = 0;
		};
/* End PBXFrameworksBuildPhase section */

/* Begin PBXGroup section */
		6703BBF4258154E200440132 /* Home */ = {
			isa = PBXGroup;
			children = (
				6703BBF52581551E00440132 /* HomeTabBarVC.swift */,
			);
			path = Home;
			sourceTree = "<group>";
		};
		6703BBF92581564100440132 /* Friends */ = {
			isa = PBXGroup;
			children = (
				6703BC142581667600440132 /* Views */,
				6703BC0C2581618700440132 /* Models */,
				6703BBFB2581565100440132 /* View Controllers */,
			);
			path = Friends;
			sourceTree = "<group>";
		};
		6703BBFA2581564800440132 /* Groups */ = {
			isa = PBXGroup;
			children = (
				675DD194258172BC006C554F /* Views */,
				675DD18E25817030006C554F /* Models */,
				6703BC06258156F000440132 /* View Controllers */,
			);
			path = Groups;
			sourceTree = "<group>";
		};
		6703BBFB2581565100440132 /* View Controllers */ = {
			isa = PBXGroup;
			children = (
				6703BBFC2581568A00440132 /* FriendsTableVC.swift */,
				6703BC00258156B000440132 /* UserPhotosCollectionVC.swift */,
			);
			path = "View Controllers";
			sourceTree = "<group>";
		};
		6703BC06258156F000440132 /* View Controllers */ = {
			isa = PBXGroup;
			children = (
				6703BC03258156EC00440132 /* GroupsTableVC.swift */,
				6703BC072581572600440132 /* UserGroupsTableVC.swift */,
			);
			path = "View Controllers";
			sourceTree = "<group>";
		};
		6703BC0C2581618700440132 /* Models */ = {
			isa = PBXGroup;
			children = (
				6703BC0D258161A000440132 /* UserModel.swift */,
			);
			path = Models;
			sourceTree = "<group>";
		};
		6703BC142581667600440132 /* Views */ = {
			isa = PBXGroup;
			children = (
				67E820072587F3F00067299C /* UserTableViewCell.swift */,
				67E8200A2587F4B70067299C /* UserPhotoCollectionViewCell.swift */,
			);
			path = Views;
			sourceTree = "<group>";
		};
		675279B9257958EA003BF304 /* Extensions */ = {
			isa = PBXGroup;
			children = (
				67F92EFF257DA85E00CF87DD /* Foundation */,
				675279BA257958F4003BF304 /* UIKit */,
			);
			path = Extensions;
			sourceTree = "<group>";
		};
		675279BA257958F4003BF304 /* UIKit */ = {
			isa = PBXGroup;
			children = (
				675279BB25795904003BF304 /* UIButtonExtensions.swift */,
				67E820112587F5D60067299C /* UIViewExtensions.swift */,
			);
			path = UIKit;
			sourceTree = "<group>";
		};
		675DD18E25817030006C554F /* Models */ = {
			isa = PBXGroup;
			children = (
				675DD18F2581703E006C554F /* GroupModel.swift */,
				675DD1982581740F006C554F /* GroupFactory.swift */,
			);
			path = Models;
			sourceTree = "<group>";
		};
		675DD194258172BC006C554F /* Views */ = {
			isa = PBXGroup;
			children = (
				675DD195258172C7006C554F /* GroupTableViewCell.swift */,
			);
			path = Views;
			sourceTree = "<group>";
		};
		67AC96C12578110D002F5F8C = {
			isa = PBXGroup;
			children = (
				67AC96CC2578110D002F5F8C /* GeekbrainsVK */,
				67AC96CB2578110D002F5F8C /* Products */,
			);
			sourceTree = "<group>";
		};
		67AC96CB2578110D002F5F8C /* Products */ = {
			isa = PBXGroup;
			children = (
				67AC96CA2578110D002F5F8C /* GeekbrainsVK.app */,
			);
			name = Products;
			sourceTree = "<group>";
		};
		67AC96CC2578110D002F5F8C /* GeekbrainsVK */ = {
			isa = PBXGroup;
			children = (
				6703BBFA2581564800440132 /* Groups */,
				6703BBF92581564100440132 /* Friends */,
				67F92EFA257D9AC800CF87DD /* Helpers */,
				675279B9257958EA003BF304 /* Extensions */,
				67AC96E32578113E002F5F8C /* Login */,
				6703BBF4258154E200440132 /* Home */,
				67AC96E225781125002F5F8C /* App Entry */,
				67AC96D62578110F002F5F8C /* Assets.xcassets */,
				67AC96D82578110F002F5F8C /* LaunchScreen.storyboard */,
				67AC96DB2578110F002F5F8C /* Info.plist */,
			);
			path = GeekbrainsVK;
			sourceTree = "<group>";
		};
		67AC96E225781125002F5F8C /* App Entry */ = {
			isa = PBXGroup;
			children = (
				67AC96CD2578110D002F5F8C /* AppDelegate.swift */,
				67AC96CF2578110D002F5F8C /* SceneDelegate.swift */,
			);
			path = "App Entry";
			sourceTree = "<group>";
		};
		67AC96E32578113E002F5F8C /* Login */ = {
			isa = PBXGroup;
			children = (
				67AC96E725781360002F5F8C /* LoginVC.swift */,
			);
			path = Login;
			sourceTree = "<group>";
		};
		67F92EFA257D9AC800CF87DD /* Helpers */ = {
			isa = PBXGroup;
			children = (
				67F92EFB257D9AD200CF87DD /* Colors.swift */,
				67E8200D2587F4D50067299C /* Reusable.swift */,
			);
			path = Helpers;
			sourceTree = "<group>";
		};
		67F92EFF257DA85E00CF87DD /* Foundation */ = {
			isa = PBXGroup;
			children = (
				67F92F00257DA86A00CF87DD /* StringExtensions.swift */,
			);
			path = Foundation;
			sourceTree = "<group>";
		};
/* End PBXGroup section */

/* Begin PBXNativeTarget section */
		67AC96C92578110D002F5F8C /* GeekbrainsVK */ = {
			isa = PBXNativeTarget;
			buildConfigurationList = 67AC96DE2578110F002F5F8C /* Build configuration list for PBXNativeTarget "GeekbrainsVK" */;
			buildPhases = (
				67AC96C62578110D002F5F8C /* Sources */,
				67AC96C72578110D002F5F8C /* Frameworks */,
				67AC96C82578110D002F5F8C /* Resources */,
			);
			buildRules = (
			);
			dependencies = (
			);
			name = GeekbrainsVK;
			productName = GeekbrainsVK;
			productReference = 67AC96CA2578110D002F5F8C /* GeekbrainsVK.app */;
			productType = "com.apple.product-type.application";
		};
/* End PBXNativeTarget section */

/* Begin PBXProject section */
		67AC96C22578110D002F5F8C /* Project object */ = {
			isa = PBXProject;
			attributes = {
				LastSwiftUpdateCheck = 1220;
				LastUpgradeCheck = 1220;
				TargetAttributes = {
					67AC96C92578110D002F5F8C = {
						CreatedOnToolsVersion = 12.2;
					};
				};
			};
			buildConfigurationList = 67AC96C52578110D002F5F8C /* Build configuration list for PBXProject "GeekbrainsVK" */;
			compatibilityVersion = "Xcode 9.3";
			developmentRegion = en;
			hasScannedForEncodings = 0;
			knownRegions = (
				en,
				Base,
			);
			mainGroup = 67AC96C12578110D002F5F8C;
			productRefGroup = 67AC96CB2578110D002F5F8C /* Products */;
			projectDirPath = "";
			projectRoot = "";
			targets = (
				67AC96C92578110D002F5F8C /* GeekbrainsVK */,
			);
		};
/* End PBXProject section */

/* Begin PBXResourcesBuildPhase section */
		67AC96C82578110D002F5F8C /* Resources */ = {
			isa = PBXResourcesBuildPhase;
			buildActionMask = 2147483647;
			files = (
				67AC96DA2578110F002F5F8C /* LaunchScreen.storyboard in Resources */,
				67AC96D72578110F002F5F8C /* Assets.xcassets in Resources */,
			);
			runOnlyForDeploymentPostprocessing = 0;
		};
/* End PBXResourcesBuildPhase section */

/* Begin PBXSourcesBuildPhase section */
		67AC96C62578110D002F5F8C /* Sources */ = {
			isa = PBXSourcesBuildPhase;
			buildActionMask = 2147483647;
			files = (
				67F92F01257DA86A00CF87DD /* StringExtensions.swift in Sources */,
				675DD1902581703E006C554F /* GroupModel.swift in Sources */,
				675DD1992581740F006C554F /* GroupFactory.swift in Sources */,
				6703BC082581572600440132 /* UserGroupsTableVC.swift in Sources */,
				67E820082587F3F00067299C /* UserTableViewCell.swift in Sources */,
				6703BBF62581551E00440132 /* HomeTabBarVC.swift in Sources */,
				67AC96CE2578110D002F5F8C /* AppDelegate.swift in Sources */,
				6703BC04258156EC00440132 /* GroupsTableVC.swift in Sources */,
				67E8200E2587F4D50067299C /* Reusable.swift in Sources */,
				67F92EFC257D9AD200CF87DD /* Colors.swift in Sources */,
				67E820122587F5D60067299C /* UIViewExtensions.swift in Sources */,
				675279BC25795904003BF304 /* UIButtonExtensions.swift in Sources */,
				675DD196258172C7006C554F /* GroupTableViewCell.swift in Sources */,
				67AC96D02578110D002F5F8C /* SceneDelegate.swift in Sources */,
				67E8200B2587F4B70067299C /* UserPhotoCollectionViewCell.swift in Sources */,
				6703BC01258156B000440132 /* UserPhotosCollectionVC.swift in Sources */,
				67AC96E825781360002F5F8C /* LoginVC.swift in Sources */,
				6703BC0E258161A000440132 /* UserModel.swift in Sources */,
				6703BBFD2581568A00440132 /* FriendsTableVC.swift in Sources */,
			);
			runOnlyForDeploymentPostprocessing = 0;
		};
/* End PBXSourcesBuildPhase section */

/* Begin PBXVariantGroup section */
		67AC96D82578110F002F5F8C /* LaunchScreen.storyboard */ = {
			isa = PBXVariantGroup;
			children = (
				67AC96D92578110F002F5F8C /* Base */,
			);
			name = LaunchScreen.storyboard;
			sourceTree = "<group>";
		};
/* End PBXVariantGroup section */

/* Begin XCBuildConfiguration section */
		67AC96DC2578110F002F5F8C /* Debug */ = {
			isa = XCBuildConfiguration;
			buildSettings = {
				ALWAYS_SEARCH_USER_PATHS = NO;
				CLANG_ANALYZER_NONNULL = YES;
				CLANG_ANALYZER_NUMBER_OBJECT_CONVERSION = YES_AGGRESSIVE;
				CLANG_CXX_LANGUAGE_STANDARD = "gnu++14";
				CLANG_CXX_LIBRARY = "libc++";
				CLANG_ENABLE_MODULES = YES;
				CLANG_ENABLE_OBJC_ARC = YES;
				CLANG_ENABLE_OBJC_WEAK = YES;
				CLANG_WARN_BLOCK_CAPTURE_AUTORELEASING = YES;
				CLANG_WARN_BOOL_CONVERSION = YES;
				CLANG_WARN_COMMA = YES;
				CLANG_WARN_CONSTANT_CONVERSION = YES;
				CLANG_WARN_DEPRECATED_OBJC_IMPLEMENTATIONS = YES;
				CLANG_WARN_DIRECT_OBJC_ISA_USAGE = YES_ERROR;
				CLANG_WARN_DOCUMENTATION_COMMENTS = YES;
				CLANG_WARN_EMPTY_BODY = YES;
				CLANG_WARN_ENUM_CONVERSION = YES;
				CLANG_WARN_INFINITE_RECURSION = YES;
				CLANG_WARN_INT_CONVERSION = YES;
				CLANG_WARN_NON_LITERAL_NULL_CONVERSION = YES;
				CLANG_WARN_OBJC_IMPLICIT_RETAIN_SELF = YES;
				CLANG_WARN_OBJC_LITERAL_CONVERSION = YES;
				CLANG_WARN_OBJC_ROOT_CLASS = YES_ERROR;
				CLANG_WARN_QUOTED_INCLUDE_IN_FRAMEWORK_HEADER = YES;
				CLANG_WARN_RANGE_LOOP_ANALYSIS = YES;
				CLANG_WARN_STRICT_PROTOTYPES = YES;
				CLANG_WARN_SUSPICIOUS_MOVE = YES;
				CLANG_WARN_UNGUARDED_AVAILABILITY = YES_AGGRESSIVE;
				CLANG_WARN_UNREACHABLE_CODE = YES;
				CLANG_WARN__DUPLICATE_METHOD_MATCH = YES;
				COPY_PHASE_STRIP = NO;
				DEBUG_INFORMATION_FORMAT = dwarf;
				ENABLE_STRICT_OBJC_MSGSEND = YES;
				ENABLE_TESTABILITY = YES;
				GCC_C_LANGUAGE_STANDARD = gnu11;
				GCC_DYNAMIC_NO_PIC = NO;
				GCC_NO_COMMON_BLOCKS = YES;
				GCC_OPTIMIZATION_LEVEL = 0;
				GCC_PREPROCESSOR_DEFINITIONS = (
					"DEBUG=1",
					"$(inherited)",
				);
				GCC_WARN_64_TO_32_BIT_CONVERSION = YES;
				GCC_WARN_ABOUT_RETURN_TYPE = YES_ERROR;
				GCC_WARN_UNDECLARED_SELECTOR = YES;
				GCC_WARN_UNINITIALIZED_AUTOS = YES_AGGRESSIVE;
				GCC_WARN_UNUSED_FUNCTION = YES;
				GCC_WARN_UNUSED_VARIABLE = YES;
				IPHONEOS_DEPLOYMENT_TARGET = 14.2;
				MTL_ENABLE_DEBUG_INFO = INCLUDE_SOURCE;
				MTL_FAST_MATH = YES;
				ONLY_ACTIVE_ARCH = YES;
				SDKROOT = iphoneos;
				SWIFT_ACTIVE_COMPILATION_CONDITIONS = DEBUG;
				SWIFT_OPTIMIZATION_LEVEL = "-Onone";
			};
			name = Debug;
		};
		67AC96DD2578110F002F5F8C /* Release */ = {
			isa = XCBuildConfiguration;
			buildSettings = {
				ALWAYS_SEARCH_USER_PATHS = NO;
				CLANG_ANALYZER_NONNULL = YES;
				CLANG_ANALYZER_NUMBER_OBJECT_CONVERSION = YES_AGGRESSIVE;
				CLANG_CXX_LANGUAGE_STANDARD = "gnu++14";
				CLANG_CXX_LIBRARY = "libc++";
				CLANG_ENABLE_MODULES = YES;
				CLANG_ENABLE_OBJC_ARC = YES;
				CLANG_ENABLE_OBJC_WEAK = YES;
				CLANG_WARN_BLOCK_CAPTURE_AUTORELEASING = YES;
				CLANG_WARN_BOOL_CONVERSION = YES;
				CLANG_WARN_COMMA = YES;
				CLANG_WARN_CONSTANT_CONVERSION = YES;
				CLANG_WARN_DEPRECATED_OBJC_IMPLEMENTATIONS = YES;
				CLANG_WARN_DIRECT_OBJC_ISA_USAGE = YES_ERROR;
				CLANG_WARN_DOCUMENTATION_COMMENTS = YES;
				CLANG_WARN_EMPTY_BODY = YES;
				CLANG_WARN_ENUM_CONVERSION = YES;
				CLANG_WARN_INFINITE_RECURSION = YES;
				CLANG_WARN_INT_CONVERSION = YES;
				CLANG_WARN_NON_LITERAL_NULL_CONVERSION = YES;
				CLANG_WARN_OBJC_IMPLICIT_RETAIN_SELF = YES;
				CLANG_WARN_OBJC_LITERAL_CONVERSION = YES;
				CLANG_WARN_OBJC_ROOT_CLASS = YES_ERROR;
				CLANG_WARN_QUOTED_INCLUDE_IN_FRAMEWORK_HEADER = YES;
				CLANG_WARN_RANGE_LOOP_ANALYSIS = YES;
				CLANG_WARN_STRICT_PROTOTYPES = YES;
				CLANG_WARN_SUSPICIOUS_MOVE = YES;
				CLANG_WARN_UNGUARDED_AVAILABILITY = YES_AGGRESSIVE;
				CLANG_WARN_UNREACHABLE_CODE = YES;
				CLANG_WARN__DUPLICATE_METHOD_MATCH = YES;
				COPY_PHASE_STRIP = NO;
				DEBUG_INFORMATION_FORMAT = "dwarf-with-dsym";
				ENABLE_NS_ASSERTIONS = NO;
				ENABLE_STRICT_OBJC_MSGSEND = YES;
				GCC_C_LANGUAGE_STANDARD = gnu11;
				GCC_NO_COMMON_BLOCKS = YES;
				GCC_WARN_64_TO_32_BIT_CONVERSION = YES;
				GCC_WARN_ABOUT_RETURN_TYPE = YES_ERROR;
				GCC_WARN_UNDECLARED_SELECTOR = YES;
				GCC_WARN_UNINITIALIZED_AUTOS = YES_AGGRESSIVE;
				GCC_WARN_UNUSED_FUNCTION = YES;
				GCC_WARN_UNUSED_VARIABLE = YES;
				IPHONEOS_DEPLOYMENT_TARGET = 14.2;
				MTL_ENABLE_DEBUG_INFO = NO;
				MTL_FAST_MATH = YES;
				SDKROOT = iphoneos;
				SWIFT_COMPILATION_MODE = wholemodule;
				SWIFT_OPTIMIZATION_LEVEL = "-O";
				VALIDATE_PRODUCT = YES;
			};
			name = Release;
		};
		67AC96DF2578110F002F5F8C /* Debug */ = {
			isa = XCBuildConfiguration;
			buildSettings = {
				ASSETCATALOG_COMPILER_APPICON_NAME = AppIcon;
				ASSETCATALOG_COMPILER_GLOBAL_ACCENT_COLOR_NAME = AccentColor;
				CODE_SIGN_STYLE = Automatic;
				DEVELOPMENT_TEAM = 6J2H6XHGV8;
				INFOPLIST_FILE = GeekbrainsVK/Info.plist;
				LD_RUNPATH_SEARCH_PATHS = (
					"$(inherited)",
					"@executable_path/Frameworks",
				);
				PRODUCT_BUNDLE_IDENTIFIER = com.a.lobankov.GeekbrainsVK;
				PRODUCT_NAME = "$(TARGET_NAME)";
				SWIFT_VERSION = 5.0;
				TARGETED_DEVICE_FAMILY = "1,2";
			};
			name = Debug;
		};
		67AC96E02578110F002F5F8C /* Release */ = {
			isa = XCBuildConfiguration;
			buildSettings = {
				ASSETCATALOG_COMPILER_APPICON_NAME = AppIcon;
				ASSETCATALOG_COMPILER_GLOBAL_ACCENT_COLOR_NAME = AccentColor;
				CODE_SIGN_STYLE = Automatic;
				DEVELOPMENT_TEAM = 6J2H6XHGV8;
				INFOPLIST_FILE = GeekbrainsVK/Info.plist;
				LD_RUNPATH_SEARCH_PATHS = (
					"$(inherited)",
					"@executable_path/Frameworks",
				);
				PRODUCT_BUNDLE_IDENTIFIER = com.a.lobankov.GeekbrainsVK;
				PRODUCT_NAME = "$(TARGET_NAME)";
				SWIFT_VERSION = 5.0;
				TARGETED_DEVICE_FAMILY = "1,2";
			};
			name = Release;
		};
/* End XCBuildConfiguration section */

/* Begin XCConfigurationList section */
		67AC96C52578110D002F5F8C /* Build configuration list for PBXProject "GeekbrainsVK" */ = {
			isa = XCConfigurationList;
			buildConfigurations = (
				67AC96DC2578110F002F5F8C /* Debug */,
				67AC96DD2578110F002F5F8C /* Release */,
			);
			defaultConfigurationIsVisible = 0;
			defaultConfigurationName = Release;
		};
		67AC96DE2578110F002F5F8C /* Build configuration list for PBXNativeTarget "GeekbrainsVK" */ = {
			isa = XCConfigurationList;
			buildConfigurations = (
				67AC96DF2578110F002F5F8C /* Debug */,
				67AC96E02578110F002F5F8C /* Release */,
			);
			defaultConfigurationIsVisible = 0;
			defaultConfigurationName = Release;
		};
/* End XCConfigurationList section */
	};
	rootObject = 67AC96C22578110D002F5F8C /* Project object */;
}
